
Microsoft Visual Studio Solution File, Format Version 12.00
# Visual Studio 15
VisualStudioVersion = 15.0.28307.271
MinimumVisualStudioVersion = 10.0.40219.1
Project("{FAE04EC0-301F-11D3-BF4B-00C04F79EFBC}") = "Saludo1", "Saludo1\Saludo1.csproj", "{5163FB63-6460-4964-95AB-31A773A2FCA7}"
EndProject
Global
	GlobalSection(SolutionConfigurationPlatforms) = preSolution
		Debug|Any CPU = Debug|Any CPU
		Release|Any CPU = Release|Any CPU
	EndGlobalSection
	GlobalSection(ProjectConfigurationPlatforms) = postSolution
		{5163FB63-6460-4964-95AB-31A773A2FCA7}.Debug|Any CPU.ActiveCfg = Debug|Any CPU
		{5163FB63-6460-4964-95AB-31A773A2FCA7}.Debug|Any CPU.Build.0 = Debug|Any CPU
		{5163FB63-6460-4964-95AB-31A773A2FCA7}.Release|Any CPU.ActiveCfg = Release|Any CPU
		{5163FB63-6460-4964-95AB-31A773A2FCA7}.Release|Any CPU.Build.0 = Release|Any CPU
	EndGlobalSection
	GlobalSection(SolutionProperties) = preSolution
		HideSolutionNode = FALSE
	EndGlobalSection
	GlobalSection(ExtensibilityGlobals) = postSolution
		SolutionGuid = {BD404C00-639E-480E-AFC9-36FFA25819B8}
	EndGlobalSection
EndGlobal
