
Microsoft Visual Studio Solution File, Format Version 12.00
# Visual Studio 15
VisualStudioVersion = 15.0.28307.271
MinimumVisualStudioVersion = 10.0.40219.1
Project("{FAE04EC0-301F-11D3-BF4B-00C04F79EFBC}") = "EstructuraRepetitivaWhileEjercico1", "EstructuraRepetitivaWhileEjercico1\EstructuraRepetitivaWhileEjercico1.csproj", "{D6B5DEED-4E74-4777-8561-965BAD88D1C9}"
EndProject
Global
	GlobalSection(SolutionConfigurationPlatforms) = preSolution
		Debug|Any CPU = Debug|Any CPU
		Release|Any CPU = Release|Any CPU
	EndGlobalSection
	GlobalSection(ProjectConfigurationPlatforms) = postSolution
		{D6B5DEED-4E74-4777-8561-965BAD88D1C9}.Debug|Any CPU.ActiveCfg = Debug|Any CPU
		{D6B5DEED-4E74-4777-8561-965BAD88D1C9}.Debug|Any CPU.Build.0 = Debug|Any CPU
		{D6B5DEED-4E74-4777-8561-965BAD88D1C9}.Release|Any CPU.ActiveCfg = Release|Any CPU
		{D6B5DEED-4E74-4777-8561-965BAD88D1C9}.Release|Any CPU.Build.0 = Release|Any CPU
	EndGlobalSection
	GlobalSection(SolutionProperties) = preSolution
		HideSolutionNode = FALSE
	EndGlobalSection
	GlobalSection(ExtensibilityGlobals) = postSolution
		SolutionGuid = {BE6EB769-7DD5-4168-B407-204C4A394369}
	EndGlobalSection
EndGlobal
