
Microsoft Visual Studio Solution File, Format Version 12.00
# Visual Studio 15
VisualStudioVersion = 15.0.28307.271
MinimumVisualStudioVersion = 10.0.40219.1
Project("{FAE04EC0-301F-11D3-BF4B-00C04F79EFBC}") = "VectorProblema3", "VectorProblema3\VectorProblema3.csproj", "{C61D0E03-57AD-4427-AEBD-581A051D07B3}"
EndProject
Global
	GlobalSection(SolutionConfigurationPlatforms) = preSolution
		Debug|Any CPU = Debug|Any CPU
		Release|Any CPU = Release|Any CPU
	EndGlobalSection
	GlobalSection(ProjectConfigurationPlatforms) = postSolution
		{C61D0E03-57AD-4427-AEBD-581A051D07B3}.Debug|Any CPU.ActiveCfg = Debug|Any CPU
		{C61D0E03-57AD-4427-AEBD-581A051D07B3}.Debug|Any CPU.Build.0 = Debug|Any CPU
		{C61D0E03-57AD-4427-AEBD-581A051D07B3}.Release|Any CPU.ActiveCfg = Release|Any CPU
		{C61D0E03-57AD-4427-AEBD-581A051D07B3}.Release|Any CPU.Build.0 = Release|Any CPU
	EndGlobalSection
	GlobalSection(SolutionProperties) = preSolution
		HideSolutionNode = FALSE
	EndGlobalSection
	GlobalSection(ExtensibilityGlobals) = postSolution
		SolutionGuid = {8B2582D4-C425-4555-8BC8-FCD0C0016196}
	EndGlobalSection
EndGlobal
