
Microsoft Visual Studio Solution File, Format Version 12.00
# Visual Studio 15
VisualStudioVersion = 15.0.28307.271
MinimumVisualStudioVersion = 10.0.40219.1
Project("{FAE04EC0-301F-11D3-BF4B-00C04F79EFBC}") = "DeclaracionClaseDefinicionObjetoEjemplo3", "DeclaracionClaseDefinicionObjetoEjemplo3\DeclaracionClaseDefinicionObjetoEjemplo3.csproj", "{B6E1212C-4264-4C9E-9475-87E45F87C947}"
EndProject
Global
	GlobalSection(SolutionConfigurationPlatforms) = preSolution
		Debug|Any CPU = Debug|Any CPU
		Release|Any CPU = Release|Any CPU
	EndGlobalSection
	GlobalSection(ProjectConfigurationPlatforms) = postSolution
		{B6E1212C-4264-4C9E-9475-87E45F87C947}.Debug|Any CPU.ActiveCfg = Debug|Any CPU
		{B6E1212C-4264-4C9E-9475-87E45F87C947}.Debug|Any CPU.Build.0 = Debug|Any CPU
		{B6E1212C-4264-4C9E-9475-87E45F87C947}.Release|Any CPU.ActiveCfg = Release|Any CPU
		{B6E1212C-4264-4C9E-9475-87E45F87C947}.Release|Any CPU.Build.0 = Release|Any CPU
	EndGlobalSection
	GlobalSection(SolutionProperties) = preSolution
		HideSolutionNode = FALSE
	EndGlobalSection
	GlobalSection(ExtensibilityGlobals) = postSolution
		SolutionGuid = {1C01584F-3D25-4D4B-8913-B0D5602F47D0}
	EndGlobalSection
EndGlobal
