
Microsoft Visual Studio Solution File, Format Version 12.00
# Visual Studio 15
VisualStudioVersion = 15.0.28307.271
MinimumVisualStudioVersion = 10.0.40219.1
Project("{FAE04EC0-301F-11D3-BF4B-00C04F79EFBC}") = "DeclaracionMetodosEjemplo2", "DeclaracionMetodosEjemplo2\DeclaracionMetodosEjemplo2.csproj", "{EB37D222-1B6A-43E2-A2BE-C2C6CA49732B}"
EndProject
Global
	GlobalSection(SolutionConfigurationPlatforms) = preSolution
		Debug|Any CPU = Debug|Any CPU
		Release|Any CPU = Release|Any CPU
	EndGlobalSection
	GlobalSection(ProjectConfigurationPlatforms) = postSolution
		{EB37D222-1B6A-43E2-A2BE-C2C6CA49732B}.Debug|Any CPU.ActiveCfg = Debug|Any CPU
		{EB37D222-1B6A-43E2-A2BE-C2C6CA49732B}.Debug|Any CPU.Build.0 = Debug|Any CPU
		{EB37D222-1B6A-43E2-A2BE-C2C6CA49732B}.Release|Any CPU.ActiveCfg = Release|Any CPU
		{EB37D222-1B6A-43E2-A2BE-C2C6CA49732B}.Release|Any CPU.Build.0 = Release|Any CPU
	EndGlobalSection
	GlobalSection(SolutionProperties) = preSolution
		HideSolutionNode = FALSE
	EndGlobalSection
	GlobalSection(ExtensibilityGlobals) = postSolution
		SolutionGuid = {10121DE6-0114-4465-A102-B0BE2A2F62A8}
	EndGlobalSection
EndGlobal
