
Microsoft Visual Studio Solution File, Format Version 12.00
# Visual Studio 15
VisualStudioVersion = 15.0.28307.271
MinimumVisualStudioVersion = 10.0.40219.1
Project("{FAE04EC0-301F-11D3-BF4B-00C04F79EFBC}") = "CondCompOperadoresLógicosEjercicio7", "CondCompOperadoresLógicosEjercicio7\CondCompOperadoresLógicosEjercicio7.csproj", "{195C991B-848B-4FBC-9DA6-A6EE9322692C}"
EndProject
Global
	GlobalSection(SolutionConfigurationPlatforms) = preSolution
		Debug|Any CPU = Debug|Any CPU
		Release|Any CPU = Release|Any CPU
	EndGlobalSection
	GlobalSection(ProjectConfigurationPlatforms) = postSolution
		{195C991B-848B-4FBC-9DA6-A6EE9322692C}.Debug|Any CPU.ActiveCfg = Debug|Any CPU
		{195C991B-848B-4FBC-9DA6-A6EE9322692C}.Debug|Any CPU.Build.0 = Debug|Any CPU
		{195C991B-848B-4FBC-9DA6-A6EE9322692C}.Release|Any CPU.ActiveCfg = Release|Any CPU
		{195C991B-848B-4FBC-9DA6-A6EE9322692C}.Release|Any CPU.Build.0 = Release|Any CPU
	EndGlobalSection
	GlobalSection(SolutionProperties) = preSolution
		HideSolutionNode = FALSE
	EndGlobalSection
	GlobalSection(ExtensibilityGlobals) = postSolution
		SolutionGuid = {56D41D85-A5F9-4C89-BF2F-F9BA063814E6}
	EndGlobalSection
EndGlobal
