
Microsoft Visual Studio Solution File, Format Version 12.00
# Visual Studio 15
VisualStudioVersion = 15.0.28307.271
MinimumVisualStudioVersion = 10.0.40219.1
Project("{FAE04EC0-301F-11D3-BF4B-00C04F79EFBC}") = "EstructuraRepetitivaWhileEjercico4_2", "EstructuraRepetitivaWhileEjercico4_2\EstructuraRepetitivaWhileEjercico4_2.csproj", "{2F86F161-1A78-4E62-9317-F4433BA256AB}"
EndProject
Global
	GlobalSection(SolutionConfigurationPlatforms) = preSolution
		Debug|Any CPU = Debug|Any CPU
		Release|Any CPU = Release|Any CPU
	EndGlobalSection
	GlobalSection(ProjectConfigurationPlatforms) = postSolution
		{2F86F161-1A78-4E62-9317-F4433BA256AB}.Debug|Any CPU.ActiveCfg = Debug|Any CPU
		{2F86F161-1A78-4E62-9317-F4433BA256AB}.Debug|Any CPU.Build.0 = Debug|Any CPU
		{2F86F161-1A78-4E62-9317-F4433BA256AB}.Release|Any CPU.ActiveCfg = Release|Any CPU
		{2F86F161-1A78-4E62-9317-F4433BA256AB}.Release|Any CPU.Build.0 = Release|Any CPU
	EndGlobalSection
	GlobalSection(SolutionProperties) = preSolution
		HideSolutionNode = FALSE
	EndGlobalSection
	GlobalSection(ExtensibilityGlobals) = postSolution
		SolutionGuid = {90AE446B-E8C4-4FC2-A47C-A5155D4A8188}
	EndGlobalSection
EndGlobal
