
Microsoft Visual Studio Solution File, Format Version 12.00
# Visual Studio 15
VisualStudioVersion = 15.0.28307.271
MinimumVisualStudioVersion = 10.0.40219.1
Project("{FAE04EC0-301F-11D3-BF4B-00C04F79EFBC}") = "VectorMayorMenorProblema1", "VectorMayorMenorProblema1\VectorMayorMenorProblema1.csproj", "{89B17FBF-C9CB-4830-8B68-FE9ABB6AECB1}"
EndProject
Global
	GlobalSection(SolutionConfigurationPlatforms) = preSolution
		Debug|Any CPU = Debug|Any CPU
		Release|Any CPU = Release|Any CPU
	EndGlobalSection
	GlobalSection(ProjectConfigurationPlatforms) = postSolution
		{89B17FBF-C9CB-4830-8B68-FE9ABB6AECB1}.Debug|Any CPU.ActiveCfg = Debug|Any CPU
		{89B17FBF-C9CB-4830-8B68-FE9ABB6AECB1}.Debug|Any CPU.Build.0 = Debug|Any CPU
		{89B17FBF-C9CB-4830-8B68-FE9ABB6AECB1}.Release|Any CPU.ActiveCfg = Release|Any CPU
		{89B17FBF-C9CB-4830-8B68-FE9ABB6AECB1}.Release|Any CPU.Build.0 = Release|Any CPU
	EndGlobalSection
	GlobalSection(SolutionProperties) = preSolution
		HideSolutionNode = FALSE
	EndGlobalSection
	GlobalSection(ExtensibilityGlobals) = postSolution
		SolutionGuid = {56B557E5-AE75-4195-9D37-2B2455C95520}
	EndGlobalSection
EndGlobal
