
Microsoft Visual Studio Solution File, Format Version 12.00
# Visual Studio 15
VisualStudioVersion = 15.0.28307.271
MinimumVisualStudioVersion = 10.0.40219.1
Project("{FAE04EC0-301F-11D3-BF4B-00C04F79EFBC}") = "DeclaracionClaseDefinicionObjetoEjemplo4", "DeclaracionClaseDefinicionObjetoEjemplo4\DeclaracionClaseDefinicionObjetoEjemplo4.csproj", "{BF6AB1C1-1460-4869-BC6A-1725EB3B5068}"
EndProject
Global
	GlobalSection(SolutionConfigurationPlatforms) = preSolution
		Debug|Any CPU = Debug|Any CPU
		Release|Any CPU = Release|Any CPU
	EndGlobalSection
	GlobalSection(ProjectConfigurationPlatforms) = postSolution
		{BF6AB1C1-1460-4869-BC6A-1725EB3B5068}.Debug|Any CPU.ActiveCfg = Debug|Any CPU
		{BF6AB1C1-1460-4869-BC6A-1725EB3B5068}.Debug|Any CPU.Build.0 = Debug|Any CPU
		{BF6AB1C1-1460-4869-BC6A-1725EB3B5068}.Release|Any CPU.ActiveCfg = Release|Any CPU
		{BF6AB1C1-1460-4869-BC6A-1725EB3B5068}.Release|Any CPU.Build.0 = Release|Any CPU
	EndGlobalSection
	GlobalSection(SolutionProperties) = preSolution
		HideSolutionNode = FALSE
	EndGlobalSection
	GlobalSection(ExtensibilityGlobals) = postSolution
		SolutionGuid = {26B758E5-B661-44AF-9CF0-27D9D1FFA3AB}
	EndGlobalSection
EndGlobal
