
Microsoft Visual Studio Solution File, Format Version 12.00
# Visual Studio 15
VisualStudioVersion = 15.0.28307.271
MinimumVisualStudioVersion = 10.0.40219.1
Project("{FAE04EC0-301F-11D3-BF4B-00C04F79EFBC}") = "VectorParaleloEjemplo1", "VectorParaleloEjemplo1\VectorParaleloEjemplo1.csproj", "{498DED23-E1E4-4741-935C-1B65DEC3F08E}"
EndProject
Global
	GlobalSection(SolutionConfigurationPlatforms) = preSolution
		Debug|Any CPU = Debug|Any CPU
		Release|Any CPU = Release|Any CPU
	EndGlobalSection
	GlobalSection(ProjectConfigurationPlatforms) = postSolution
		{498DED23-E1E4-4741-935C-1B65DEC3F08E}.Debug|Any CPU.ActiveCfg = Debug|Any CPU
		{498DED23-E1E4-4741-935C-1B65DEC3F08E}.Debug|Any CPU.Build.0 = Debug|Any CPU
		{498DED23-E1E4-4741-935C-1B65DEC3F08E}.Release|Any CPU.ActiveCfg = Release|Any CPU
		{498DED23-E1E4-4741-935C-1B65DEC3F08E}.Release|Any CPU.Build.0 = Release|Any CPU
	EndGlobalSection
	GlobalSection(SolutionProperties) = preSolution
		HideSolutionNode = FALSE
	EndGlobalSection
	GlobalSection(ExtensibilityGlobals) = postSolution
		SolutionGuid = {2A1E794D-143E-434B-8325-8286B483FF2D}
	EndGlobalSection
EndGlobal
