
Microsoft Visual Studio Solution File, Format Version 12.00
# Visual Studio 15
VisualStudioVersion = 15.0.28307.271
MinimumVisualStudioVersion = 10.0.40219.1
Project("{FAE04EC0-301F-11D3-BF4B-00C04F79EFBC}") = "CondicionalCompuesto1", "CondicionalCompuesto1\CondicionalCompuesto1.csproj", "{0B2CCC57-1407-4218-A4E7-235E39B8C37E}"
EndProject
Global
	GlobalSection(SolutionConfigurationPlatforms) = preSolution
		Debug|Any CPU = Debug|Any CPU
		Release|Any CPU = Release|Any CPU
	EndGlobalSection
	GlobalSection(ProjectConfigurationPlatforms) = postSolution
		{0B2CCC57-1407-4218-A4E7-235E39B8C37E}.Debug|Any CPU.ActiveCfg = Debug|Any CPU
		{0B2CCC57-1407-4218-A4E7-235E39B8C37E}.Debug|Any CPU.Build.0 = Debug|Any CPU
		{0B2CCC57-1407-4218-A4E7-235E39B8C37E}.Release|Any CPU.ActiveCfg = Release|Any CPU
		{0B2CCC57-1407-4218-A4E7-235E39B8C37E}.Release|Any CPU.Build.0 = Release|Any CPU
	EndGlobalSection
	GlobalSection(SolutionProperties) = preSolution
		HideSolutionNode = FALSE
	EndGlobalSection
	GlobalSection(ExtensibilityGlobals) = postSolution
		SolutionGuid = {F9274762-EFA4-46E8-9304-0E21A3429E27}
	EndGlobalSection
EndGlobal
