
Microsoft Visual Studio Solution File, Format Version 12.00
# Visual Studio 15
VisualStudioVersion = 15.0.28307.271
MinimumVisualStudioVersion = 10.0.40219.1
Project("{FAE04EC0-301F-11D3-BF4B-00C04F79EFBC}") = "EstructuraRepetitivaDoWhileEjercicio1", "EstructuraRepetitivaDoWhileEjercicio1\EstructuraRepetitivaDoWhileEjercicio1.csproj", "{4BA7D308-B34B-4FB2-B519-F43E4BA3716F}"
EndProject
Global
	GlobalSection(SolutionConfigurationPlatforms) = preSolution
		Debug|Any CPU = Debug|Any CPU
		Release|Any CPU = Release|Any CPU
	EndGlobalSection
	GlobalSection(ProjectConfigurationPlatforms) = postSolution
		{4BA7D308-B34B-4FB2-B519-F43E4BA3716F}.Debug|Any CPU.ActiveCfg = Debug|Any CPU
		{4BA7D308-B34B-4FB2-B519-F43E4BA3716F}.Debug|Any CPU.Build.0 = Debug|Any CPU
		{4BA7D308-B34B-4FB2-B519-F43E4BA3716F}.Release|Any CPU.ActiveCfg = Release|Any CPU
		{4BA7D308-B34B-4FB2-B519-F43E4BA3716F}.Release|Any CPU.Build.0 = Release|Any CPU
	EndGlobalSection
	GlobalSection(SolutionProperties) = preSolution
		HideSolutionNode = FALSE
	EndGlobalSection
	GlobalSection(ExtensibilityGlobals) = postSolution
		SolutionGuid = {5AD242BF-7767-4EE4-9908-AF120FBD92C4}
	EndGlobalSection
EndGlobal
