
Microsoft Visual Studio Solution File, Format Version 12.00
# Visual Studio 15
VisualStudioVersion = 15.0.28307.271
MinimumVisualStudioVersion = 10.0.40219.1
Project("{FAE04EC0-301F-11D3-BF4B-00C04F79EFBC}") = "EstructuraRepetitivaDoWhileEjercicio2", "EstructuraRepetitivaDoWhileEjercicio2\EstructuraRepetitivaDoWhileEjercicio2.csproj", "{89176B03-C150-4737-81A8-56BC93B8E23D}"
EndProject
Global
	GlobalSection(SolutionConfigurationPlatforms) = preSolution
		Debug|Any CPU = Debug|Any CPU
		Release|Any CPU = Release|Any CPU
	EndGlobalSection
	GlobalSection(ProjectConfigurationPlatforms) = postSolution
		{89176B03-C150-4737-81A8-56BC93B8E23D}.Debug|Any CPU.ActiveCfg = Debug|Any CPU
		{89176B03-C150-4737-81A8-56BC93B8E23D}.Debug|Any CPU.Build.0 = Debug|Any CPU
		{89176B03-C150-4737-81A8-56BC93B8E23D}.Release|Any CPU.ActiveCfg = Release|Any CPU
		{89176B03-C150-4737-81A8-56BC93B8E23D}.Release|Any CPU.Build.0 = Release|Any CPU
	EndGlobalSection
	GlobalSection(SolutionProperties) = preSolution
		HideSolutionNode = FALSE
	EndGlobalSection
	GlobalSection(ExtensibilityGlobals) = postSolution
		SolutionGuid = {A0397E67-22C1-44B6-AD13-159F5D1B30FC}
	EndGlobalSection
EndGlobal
