
Microsoft Visual Studio Solution File, Format Version 12.00
# Visual Studio 15
VisualStudioVersion = 15.0.28307.539
MinimumVisualStudioVersion = 10.0.40219.1
Project("{FAE04EC0-301F-11D3-BF4B-00C04F79EFBC}") = "MovieApp", "MovieApp\MovieApp.csproj", "{0F00B929-B470-4D86-B585-8D44BF2AD040}"
EndProject
Global
	GlobalSection(SolutionConfigurationPlatforms) = preSolution
		Debug|Any CPU = Debug|Any CPU
		Release|Any CPU = Release|Any CPU
	EndGlobalSection
	GlobalSection(ProjectConfigurationPlatforms) = postSolution
		{0F00B929-B470-4D86-B585-8D44BF2AD040}.Debug|Any CPU.ActiveCfg = Debug|Any CPU
		{0F00B929-B470-4D86-B585-8D44BF2AD040}.Debug|Any CPU.Build.0 = Debug|Any CPU
		{0F00B929-B470-4D86-B585-8D44BF2AD040}.Release|Any CPU.ActiveCfg = Release|Any CPU
		{0F00B929-B470-4D86-B585-8D44BF2AD040}.Release|Any CPU.Build.0 = Release|Any CPU
	EndGlobalSection
	GlobalSection(SolutionProperties) = preSolution
		HideSolutionNode = FALSE
	EndGlobalSection
	GlobalSection(ExtensibilityGlobals) = postSolution
		SolutionGuid = {EC4967AC-F201-4125-A49A-BDF74BCA70B8}
	EndGlobalSection
EndGlobal
