
Microsoft Visual Studio Solution File, Format Version 12.00
# Visual Studio 15
VisualStudioVersion = 15.0.28307.271
MinimumVisualStudioVersion = 10.0.40219.1
Project("{FAE04EC0-301F-11D3-BF4B-00C04F79EFBC}") = "VectorProblema1", "VectorProblema1\VectorProblema1.csproj", "{59A653C1-DD9F-4C18-B5D5-42E8C395846C}"
EndProject
Global
	GlobalSection(SolutionConfigurationPlatforms) = preSolution
		Debug|Any CPU = Debug|Any CPU
		Release|Any CPU = Release|Any CPU
	EndGlobalSection
	GlobalSection(ProjectConfigurationPlatforms) = postSolution
		{59A653C1-DD9F-4C18-B5D5-42E8C395846C}.Debug|Any CPU.ActiveCfg = Debug|Any CPU
		{59A653C1-DD9F-4C18-B5D5-42E8C395846C}.Debug|Any CPU.Build.0 = Debug|Any CPU
		{59A653C1-DD9F-4C18-B5D5-42E8C395846C}.Release|Any CPU.ActiveCfg = Release|Any CPU
		{59A653C1-DD9F-4C18-B5D5-42E8C395846C}.Release|Any CPU.Build.0 = Release|Any CPU
	EndGlobalSection
	GlobalSection(SolutionProperties) = preSolution
		HideSolutionNode = FALSE
	EndGlobalSection
	GlobalSection(ExtensibilityGlobals) = postSolution
		SolutionGuid = {6E5028B4-C872-4BEB-9C8E-6896E70644F9}
	EndGlobalSection
EndGlobal
