
Microsoft Visual Studio Solution File, Format Version 12.00
# Visual Studio 15
VisualStudioVersion = 15.0.28307.271
MinimumVisualStudioVersion = 10.0.40219.1
Project("{FAE04EC0-301F-11D3-BF4B-00C04F79EFBC}") = "EstructuraRepetitivaWhileEjercico2", "EstructuraRepetitivaWhileEjercico2\EstructuraRepetitivaWhileEjercico2.csproj", "{5A10EB8D-0F0D-45DA-B75E-6F567E012832}"
EndProject
Global
	GlobalSection(SolutionConfigurationPlatforms) = preSolution
		Debug|Any CPU = Debug|Any CPU
		Release|Any CPU = Release|Any CPU
	EndGlobalSection
	GlobalSection(ProjectConfigurationPlatforms) = postSolution
		{5A10EB8D-0F0D-45DA-B75E-6F567E012832}.Debug|Any CPU.ActiveCfg = Debug|Any CPU
		{5A10EB8D-0F0D-45DA-B75E-6F567E012832}.Debug|Any CPU.Build.0 = Debug|Any CPU
		{5A10EB8D-0F0D-45DA-B75E-6F567E012832}.Release|Any CPU.ActiveCfg = Release|Any CPU
		{5A10EB8D-0F0D-45DA-B75E-6F567E012832}.Release|Any CPU.Build.0 = Release|Any CPU
	EndGlobalSection
	GlobalSection(SolutionProperties) = preSolution
		HideSolutionNode = FALSE
	EndGlobalSection
	GlobalSection(ExtensibilityGlobals) = postSolution
		SolutionGuid = {BFBCEFBD-C0E9-4796-94C5-7A54B796D8BB}
	EndGlobalSection
EndGlobal
